// !$*UTF8*$!
{
	archiveVersion = 1;
	classes = {
	};
	objectVersion = 46;
	objects = {

/* Begin PBXBuildFile section */
		C8A341711D364A07001405D8 /* AppDelegate.swift in Sources */ = {isa = PBXBuildFile; fileRef = C8A341701D364A07001405D8 /* AppDelegate.swift */; };
		C8A341731D364A07001405D8 /* ViewController.swift in Sources */ = {isa = PBXBuildFile; fileRef = C8A341721D364A07001405D8 /* ViewController.swift */; };
		C8A341781D364A07001405D8 /* Assets.xcassets in Resources */ = {isa = PBXBuildFile; fileRef = C8A341771D364A07001405D8 /* Assets.xcassets */; };
		C8A3417B1D364A07001405D8 /* LaunchScreen.storyboard in Resources */ = {isa = PBXBuildFile; fileRef = C8A341791D364A07001405D8 /* LaunchScreen.storyboard */; };
		C8A341861D364A07001405D8 /* Trie_Store_m_1Tests.swift in Sources */ = {isa = PBXBuildFile; fileRef = C8A341851D364A07001405D8 /* Trie_Store_m_1Tests.swift */; };
		C8A341911D364A07001405D8 /* Trie_Store_m_1UITests.swift in Sources */ = {isa = PBXBuildFile; fileRef = C8A341901D364A07001405D8 /* Trie_Store_m_1UITests.swift */; };
		C8A341A31D364A1C001405D8 /* TrieNode.swift in Sources */ = {isa = PBXBuildFile; fileRef = C8A3419E1D364A1C001405D8 /* TrieNode.swift */; };
		C8A341A41D364A1C001405D8 /* Trie.swift in Sources */ = {isa = PBXBuildFile; fileRef = C8A3419F1D364A1C001405D8 /* Trie.swift */; };
		C8A341A51D364A1C001405D8 /* TrieLoad.swift in Sources */ = {isa = PBXBuildFile; fileRef = C8A341A01D364A1C001405D8 /* TrieLoad.swift */; };
		C8A341A61D364A1C001405D8 /* Archive.swift in Sources */ = {isa = PBXBuildFile; fileRef = C8A341A11D364A1C001405D8 /* Archive.swift */; };
		C8A341A71D364A1C001405D8 /* Data.swift in Sources */ = {isa = PBXBuildFile; fileRef = C8A341A21D364A1C001405D8 /* Data.swift */; };
		C8A341A91D364A8C001405D8 /* Main.storyboard in Resources */ = {isa = PBXBuildFile; fileRef = C8A341A81D364A8C001405D8 /* Main.storyboard */; };
/* End PBXBuildFile section */

/* Begin PBXContainerItemProxy section */
		C8A341821D364A07001405D8 /* PBXContainerItemProxy */ = {
			isa = PBXContainerItemProxy;
			containerPortal = C8A341651D364A07001405D8 /* Project object */;
			proxyType = 1;
			remoteGlobalIDString = C8A3416C1D364A07001405D8;
			remoteInfo = Trie_Store_m.1;
		};
		C8A3418D1D364A07001405D8 /* PBXContainerItemProxy */ = {
			isa = PBXContainerItemProxy;
			containerPortal = C8A341651D364A07001405D8 /* Project object */;
			proxyType = 1;
			remoteGlobalIDString = C8A3416C1D364A07001405D8;
			remoteInfo = Trie_Store_m.1;
		};
/* End PBXContainerItemProxy section */

/* Begin PBXFileReference section */
		C8A3416D1D364A07001405D8 /* Trie_Store_m.1.app */ = {isa = PBXFileReference; explicitFileType = wrapper.application; includeInIndex = 0; path = Trie_Store_m.1.app; sourceTree = BUILT_PRODUCTS_DIR; };
		C8A341701D364A07001405D8 /* AppDelegate.swift */ = {isa = PBXFileReference; lastKnownFileType = sourcecode.swift; path = AppDelegate.swift; sourceTree = "<group>"; };
		C8A341721D364A07001405D8 /* ViewController.swift */ = {isa = PBXFileReference; lastKnownFileType = sourcecode.swift; path = ViewController.swift; sourceTree = "<group>"; };
		C8A341771D364A07001405D8 /* Assets.xcassets */ = {isa = PBXFileReference; lastKnownFileType = folder.assetcatalog; path = Assets.xcassets; sourceTree = "<group>"; };
		C8A3417A1D364A07001405D8 /* Base */ = {isa = PBXFileReference; lastKnownFileType = file.storyboard; name = Base; path = Base.lproj/LaunchScreen.storyboard; sourceTree = "<group>"; };
		C8A3417C1D364A07001405D8 /* Info.plist */ = {isa = PBXFileReference; lastKnownFileType = text.plist.xml; path = Info.plist; sourceTree = "<group>"; };
		C8A341811D364A07001405D8 /* Trie_Store_m.1Tests.xctest */ = {isa = PBXFileReference; explicitFileType = wrapper.cfbundle; includeInIndex = 0; path = Trie_Store_m.1Tests.xctest; sourceTree = BUILT_PRODUCTS_DIR; };
		C8A341851D364A07001405D8 /* Trie_Store_m_1Tests.swift */ = {isa = PBXFileReference; lastKnownFileType = sourcecode.swift; path = Trie_Store_m_1Tests.swift; sourceTree = "<group>"; };
		C8A341871D364A07001405D8 /* Info.plist */ = {isa = PBXFileReference; lastKnownFileType = text.plist.xml; path = Info.plist; sourceTree = "<group>"; };
		C8A3418C1D364A07001405D8 /* Trie_Store_m.1UITests.xctest */ = {isa = PBXFileReference; explicitFileType = wrapper.cfbundle; includeInIndex = 0; path = Trie_Store_m.1UITests.xctest; sourceTree = BUILT_PRODUCTS_DIR; };
		C8A341901D364A07001405D8 /* Trie_Store_m_1UITests.swift */ = {isa = PBXFileReference; lastKnownFileType = sourcecode.swift; path = Trie_Store_m_1UITests.swift; sourceTree = "<group>"; };
		C8A341921D364A07001405D8 /* Info.plist */ = {isa = PBXFileReference; lastKnownFileType = text.plist.xml; path = Info.plist; sourceTree = "<group>"; };
		C8A3419E1D364A1C001405D8 /* TrieNode.swift */ = {isa = PBXFileReference; fileEncoding = 4; lastKnownFileType = sourcecode.swift; path = TrieNode.swift; sourceTree = "<group>"; };
		C8A3419F1D364A1C001405D8 /* Trie.swift */ = {isa = PBXFileReference; fileEncoding = 4; lastKnownFileType = sourcecode.swift; path = Trie.swift; sourceTree = "<group>"; };
		C8A341A01D364A1C001405D8 /* TrieLoad.swift */ = {isa = PBXFileReference; fileEncoding = 4; lastKnownFileType = sourcecode.swift; path = TrieLoad.swift; sourceTree = "<group>"; };
		C8A341A11D364A1C001405D8 /* Archive.swift */ = {isa = PBXFileReference; fileEncoding = 4; lastKnownFileType = sourcecode.swift; path = Archive.swift; sourceTree = "<group>"; };
		C8A341A21D364A1C001405D8 /* Data.swift */ = {isa = PBXFileReference; fileEncoding = 4; lastKnownFileType = sourcecode.swift; path = Data.swift; sourceTree = "<group>"; };
		C8A341A81D364A8C001405D8 /* Main.storyboard */ = {isa = PBXFileReference; fileEncoding = 4; lastKnownFileType = file.storyboard; path = Main.storyboard; sourceTree = "<group>"; };
/* End PBXFileReference section */

/* Begin PBXFrameworksBuildPhase section */
		C8A3416A1D364A07001405D8 /* Frameworks */ = {
			isa = PBXFrameworksBuildPhase;
			buildActionMask = 2147483647;
			files = (
			);
			runOnlyForDeploymentPostprocessing = 0;
		};
		C8A3417E1D364A07001405D8 /* Frameworks */ = {
			isa = PBXFrameworksBuildPhase;
			buildActionMask = 2147483647;
			files = (
			);
			runOnlyForDeploymentPostprocessing = 0;
		};
		C8A341891D364A07001405D8 /* Frameworks */ = {
			isa = PBXFrameworksBuildPhase;
			buildActionMask = 2147483647;
			files = (
			);
			runOnlyForDeploymentPostprocessing = 0;
		};
/* End PBXFrameworksBuildPhase section */

/* Begin PBXGroup section */
		C8A341641D364A07001405D8 = {
			isa = PBXGroup;
			children = (
				C8A3416F1D364A07001405D8 /* Trie_Store_m.1 */,
				C8A341841D364A07001405D8 /* Trie_Store_m.1Tests */,
				C8A3418F1D364A07001405D8 /* Trie_Store_m.1UITests */,
				C8A3416E1D364A07001405D8 /* Products */,
			);
			sourceTree = "<group>";
		};
		C8A3416E1D364A07001405D8 /* Products */ = {
			isa = PBXGroup;
			children = (
				C8A3416D1D364A07001405D8 /* Trie_Store_m.1.app */,
				C8A341811D364A07001405D8 /* Trie_Store_m.1Tests.xctest */,
				C8A3418C1D364A07001405D8 /* Trie_Store_m.1UITests.xctest */,
			);
			name = Products;
			sourceTree = "<group>";
		};
		C8A3416F1D364A07001405D8 /* Trie_Store_m.1 */ = {
			isa = PBXGroup;
			children = (
				C8A341701D364A07001405D8 /* AppDelegate.swift */,
				C8A341721D364A07001405D8 /* ViewController.swift */,
				C8A3419E1D364A1C001405D8 /* TrieNode.swift */,
				C8A3419F1D364A1C001405D8 /* Trie.swift */,
				C8A341A01D364A1C001405D8 /* TrieLoad.swift */,
				C8A341A11D364A1C001405D8 /* Archive.swift */,
				C8A341A21D364A1C001405D8 /* Data.swift */,
				C8A341A81D364A8C001405D8 /* Main.storyboard */,
				C8A341771D364A07001405D8 /* Assets.xcassets */,
				C8A341791D364A07001405D8 /* LaunchScreen.storyboard */,
				C8A3417C1D364A07001405D8 /* Info.plist */,
			);
			path = Trie_Store_m.1;
			sourceTree = "<group>";
		};
		C8A341841D364A07001405D8 /* Trie_Store_m.1Tests */ = {
			isa = PBXGroup;
			children = (
				C8A341851D364A07001405D8 /* Trie_Store_m_1Tests.swift */,
				C8A341871D364A07001405D8 /* Info.plist */,
			);
			path = Trie_Store_m.1Tests;
			sourceTree = "<group>";
		};
		C8A3418F1D364A07001405D8 /* Trie_Store_m.1UITests */ = {
			isa = PBXGroup;
			children = (
				C8A341901D364A07001405D8 /* Trie_Store_m_1UITests.swift */,
				C8A341921D364A07001405D8 /* Info.plist */,
			);
			path = Trie_Store_m.1UITests;
			sourceTree = "<group>";
		};
/* End PBXGroup section */

/* Begin PBXNativeTarget section */
		C8A3416C1D364A07001405D8 /* Trie_Store_m.1 */ = {
			isa = PBXNativeTarget;
			buildConfigurationList = C8A341951D364A07001405D8 /* Build configuration list for PBXNativeTarget "Trie_Store_m.1" */;
			buildPhases = (
				C8A341691D364A07001405D8 /* Sources */,
				C8A3416A1D364A07001405D8 /* Frameworks */,
				C8A3416B1D364A07001405D8 /* Resources */,
			);
			buildRules = (
			);
			dependencies = (
			);
			name = Trie_Store_m.1;
			productName = Trie_Store_m.1;
			productReference = C8A3416D1D364A07001405D8 /* Trie_Store_m.1.app */;
			productType = "com.apple.product-type.application";
		};
		C8A341801D364A07001405D8 /* Trie_Store_m.1Tests */ = {
			isa = PBXNativeTarget;
			buildConfigurationList = C8A341981D364A07001405D8 /* Build configuration list for PBXNativeTarget "Trie_Store_m.1Tests" */;
			buildPhases = (
				C8A3417D1D364A07001405D8 /* Sources */,
				C8A3417E1D364A07001405D8 /* Frameworks */,
				C8A3417F1D364A07001405D8 /* Resources */,
			);
			buildRules = (
			);
			dependencies = (
				C8A341831D364A07001405D8 /* PBXTargetDependency */,
			);
			name = Trie_Store_m.1Tests;
			productName = Trie_Store_m.1Tests;
			productReference = C8A341811D364A07001405D8 /* Trie_Store_m.1Tests.xctest */;
			productType = "com.apple.product-type.bundle.unit-test";
		};
		C8A3418B1D364A07001405D8 /* Trie_Store_m.1UITests */ = {
			isa = PBXNativeTarget;
			buildConfigurationList = C8A3419B1D364A07001405D8 /* Build configuration list for PBXNativeTarget "Trie_Store_m.1UITests" */;
			buildPhases = (
				C8A341881D364A07001405D8 /* Sources */,
				C8A341891D364A07001405D8 /* Frameworks */,
				C8A3418A1D364A07001405D8 /* Resources */,
			);
			buildRules = (
			);
			dependencies = (
				C8A3418E1D364A07001405D8 /* PBXTargetDependency */,
			);
			name = Trie_Store_m.1UITests;
			productName = Trie_Store_m.1UITests;
			productReference = C8A3418C1D364A07001405D8 /* Trie_Store_m.1UITests.xctest */;
			productType = "com.apple.product-type.bundle.ui-testing";
		};
/* End PBXNativeTarget section */

/* Begin PBXProject section */
		C8A341651D364A07001405D8 /* Project object */ = {
			isa = PBXProject;
			attributes = {
				LastSwiftUpdateCheck = 0730;
				LastUpgradeCheck = 0730;
				ORGANIZATIONNAME = SHUVO;
				TargetAttributes = {
					C8A3416C1D364A07001405D8 = {
						CreatedOnToolsVersion = 7.3.1;
						DevelopmentTeam = LBS8CGX65G;
					};
					C8A341801D364A07001405D8 = {
						CreatedOnToolsVersion = 7.3.1;
						DevelopmentTeam = LBS8CGX65G;
						TestTargetID = C8A3416C1D364A07001405D8;
					};
					C8A3418B1D364A07001405D8 = {
						CreatedOnToolsVersion = 7.3.1;
						DevelopmentTeam = LBS8CGX65G;
						TestTargetID = C8A3416C1D364A07001405D8;
					};
				};
			};
			buildConfigurationList = C8A341681D364A07001405D8 /* Build configuration list for PBXProject "Trie_Store_m.1" */;
			compatibilityVersion = "Xcode 3.2";
			developmentRegion = English;
			hasScannedForEncodings = 0;
			knownRegions = (
				en,
				Base,
			);
			mainGroup = C8A341641D364A07001405D8;
			productRefGroup = C8A3416E1D364A07001405D8 /* Products */;
			projectDirPath = "";
			projectRoot = "";
			targets = (
				C8A3416C1D364A07001405D8 /* Trie_Store_m.1 */,
				C8A341801D364A07001405D8 /* Trie_Store_m.1Tests */,
				C8A3418B1D364A07001405D8 /* Trie_Store_m.1UITests */,
			);
		};
/* End PBXProject section */

/* Begin PBXResourcesBuildPhase section */
		C8A3416B1D364A07001405D8 /* Resources */ = {
			isa = PBXResourcesBuildPhase;
			buildActionMask = 2147483647;
			files = (
				C8A3417B1D364A07001405D8 /* LaunchScreen.storyboard in Resources */,
				C8A341781D364A07001405D8 /* Assets.xcassets in Resources */,
				C8A341A91D364A8C001405D8 /* Main.storyboard in Resources */,
			);
			runOnlyForDeploymentPostprocessing = 0;
		};
		C8A3417F1D364A07001405D8 /* Resources */ = {
			isa = PBXResourcesBuildPhase;
			buildActionMask = 2147483647;
			files = (
			);
			runOnlyForDeploymentPostprocessing = 0;
		};
		C8A3418A1D364A07001405D8 /* Resources */ = {
			isa = PBXResourcesBuildPhase;
			buildActionMask = 2147483647;
			files = (
			);
			runOnlyForDeploymentPostprocessing = 0;
		};
/* End PBXResourcesBuildPhase section */

/* Begin PBXSourcesBuildPhase section */
		C8A341691D364A07001405D8 /* Sources */ = {
			isa = PBXSourcesBuildPhase;
			buildActionMask = 2147483647;
			files = (
				C8A341A71D364A1C001405D8 /* Data.swift in Sources */,
				C8A341731D364A07001405D8 /* ViewController.swift in Sources */,
				C8A341A51D364A1C001405D8 /* TrieLoad.swift in Sources */,
				C8A341A41D364A1C001405D8 /* Trie.swift in Sources */,
				C8A341A31D364A1C001405D8 /* TrieNode.swift in Sources */,
				C8A341A61D364A1C001405D8 /* Archive.swift in Sources */,
				C8A341711D364A07001405D8 /* AppDelegate.swift in Sources */,
			);
			runOnlyForDeploymentPostprocessing = 0;
		};
		C8A3417D1D364A07001405D8 /* Sources */ = {
			isa = PBXSourcesBuildPhase;
			buildActionMask = 2147483647;
			files = (
				C8A341861D364A07001405D8 /* Trie_Store_m_1Tests.swift in Sources */,
			);
			runOnlyForDeploymentPostprocessing = 0;
		};
		C8A341881D364A07001405D8 /* Sources */ = {
			isa = PBXSourcesBuildPhase;
			buildActionMask = 2147483647;
			files = (
				C8A341911D364A07001405D8 /* Trie_Store_m_1UITests.swift in Sources */,
			);
			runOnlyForDeploymentPostprocessing = 0;
		};
/* End PBXSourcesBuildPhase section */

/* Begin PBXTargetDependency section */
		C8A341831D364A07001405D8 /* PBXTargetDependency */ = {
			isa = PBXTargetDependency;
			target = C8A3416C1D364A07001405D8 /* Trie_Store_m.1 */;
			targetProxy = C8A341821D364A07001405D8 /* PBXContainerItemProxy */;
		};
		C8A3418E1D364A07001405D8 /* PBXTargetDependency */ = {
			isa = PBXTargetDependency;
			target = C8A3416C1D364A07001405D8 /* Trie_Store_m.1 */;
			targetProxy = C8A3418D1D364A07001405D8 /* PBXContainerItemProxy */;
		};
/* End PBXTargetDependency section */

/* Begin PBXVariantGroup section */
		C8A341791D364A07001405D8 /* LaunchScreen.storyboard */ = {
			isa = PBXVariantGroup;
			children = (
				C8A3417A1D364A07001405D8 /* Base */,
			);
			name = LaunchScreen.storyboard;
			sourceTree = "<group>";
		};
/* End PBXVariantGroup section */

/* Begin XCBuildConfiguration section */
		C8A341931D364A07001405D8 /* Debug */ = {
			isa = XCBuildConfiguration;
			buildSettings = {
				ALWAYS_SEARCH_USER_PATHS = NO;
				CLANG_ANALYZER_NONNULL = YES;
				CLANG_CXX_LANGUAGE_STANDARD = "gnu++0x";
				CLANG_CXX_LIBRARY = "libc++";
				CLANG_ENABLE_MODULES = YES;
				CLANG_ENABLE_OBJC_ARC = YES;
				CLANG_WARN_BOOL_CONVERSION = YES;
				CLANG_WARN_CONSTANT_CONVERSION = YES;
				CLANG_WARN_DIRECT_OBJC_ISA_USAGE = YES_ERROR;
				CLANG_WARN_EMPTY_BODY = YES;
				CLANG_WARN_ENUM_CONVERSION = YES;
				CLANG_WARN_INT_CONVERSION = YES;
				CLANG_WARN_OBJC_ROOT_CLASS = YES_ERROR;
				CLANG_WARN_UNREACHABLE_CODE = YES;
				CLANG_WARN__DUPLICATE_METHOD_MATCH = YES;
				"CODE_SIGN_IDENTITY[sdk=iphoneos*]" = "iPhone Developer";
				COPY_PHASE_STRIP = NO;
				DEBUG_INFORMATION_FORMAT = dwarf;
				ENABLE_STRICT_OBJC_MSGSEND = YES;
				ENABLE_TESTABILITY = YES;
				GCC_C_LANGUAGE_STANDARD = gnu99;
				GCC_DYNAMIC_NO_PIC = NO;
				GCC_NO_COMMON_BLOCKS = YES;
				GCC_OPTIMIZATION_LEVEL = 0;
				GCC_PREPROCESSOR_DEFINITIONS = (
					"DEBUG=1",
					"$(inherited)",
				);
				GCC_WARN_64_TO_32_BIT_CONVERSION = YES;
				GCC_WARN_ABOUT_RETURN_TYPE = YES_ERROR;
				GCC_WARN_UNDECLARED_SELECTOR = YES;
				GCC_WARN_UNINITIALIZED_AUTOS = YES_AGGRESSIVE;
				GCC_WARN_UNUSED_FUNCTION = YES;
				GCC_WARN_UNUSED_VARIABLE = YES;
				IPHONEOS_DEPLOYMENT_TARGET = 9.3;
				MTL_ENABLE_DEBUG_INFO = YES;
				ONLY_ACTIVE_ARCH = YES;
				SDKROOT = iphoneos;
				SWIFT_OPTIMIZATION_LEVEL = "-Onone";
				TARGETED_DEVICE_FAMILY = "1,2";
			};
			name = Debug;
		};
		C8A341941D364A07001405D8 /* Release */ = {
			isa = XCBuildConfiguration;
			buildSettings = {
				ALWAYS_SEARCH_USER_PATHS = NO;
				CLANG_ANALYZER_NONNULL = YES;
				CLANG_CXX_LANGUAGE_STANDARD = "gnu++0x";
				CLANG_CXX_LIBRARY = "libc++";
				CLANG_ENABLE_MODULES = YES;
				CLANG_ENABLE_OBJC_ARC = YES;
				CLANG_WARN_BOOL_CONVERSION = YES;
				CLANG_WARN_CONSTANT_CONVERSION = YES;
				CLANG_WARN_DIRECT_OBJC_ISA_USAGE = YES_ERROR;
				CLANG_WARN_EMPTY_BODY = YES;
				CLANG_WARN_ENUM_CONVERSION = YES;
				CLANG_WARN_INT_CONVERSION = YES;
				CLANG_WARN_OBJC_ROOT_CLASS = YES_ERROR;
				CLANG_WARN_UNREACHABLE_CODE = YES;
				CLANG_WARN__DUPLICATE_METHOD_MATCH = YES;
				"CODE_SIGN_IDENTITY[sdk=iphoneos*]" = "iPhone Developer";
				COPY_PHASE_STRIP = NO;
				DEBUG_INFORMATION_FORMAT = "dwarf-with-dsym";
				ENABLE_NS_ASSERTIONS = NO;
				ENABLE_STRICT_OBJC_MSGSEND = YES;
				GCC_C_LANGUAGE_STANDARD = gnu99;
				GCC_NO_COMMON_BLOCKS = YES;
				GCC_WARN_64_TO_32_BIT_CONVERSION = YES;
				GCC_WARN_ABOUT_RETURN_TYPE = YES_ERROR;
				GCC_WARN_UNDECLARED_SELECTOR = YES;
				GCC_WARN_UNINITIALIZED_AUTOS = YES_AGGRESSIVE;
				GCC_WARN_UNUSED_FUNCTION = YES;
				GCC_WARN_UNUSED_VARIABLE = YES;
				IPHONEOS_DEPLOYMENT_TARGET = 9.3;
				MTL_ENABLE_DEBUG_INFO = NO;
				SDKROOT = iphoneos;
				TARGETED_DEVICE_FAMILY = "1,2";
				VALIDATE_PRODUCT = YES;
			};
			name = Release;
		};
		C8A341961D364A07001405D8 /* Debug */ = {
			isa = XCBuildConfiguration;
			buildSettings = {
				ASSETCATALOG_COMPILER_APPICON_NAME = AppIcon;
				INFOPLIST_FILE = Trie_Store_m.1/Info.plist;
				LD_RUNPATH_SEARCH_PATHS = "$(inherited) @executable_path/Frameworks";
				PRODUCT_BUNDLE_IDENTIFIER = "com.shuvo.Trie-Store-m-1";
				PRODUCT_NAME = "$(TARGET_NAME)";
			};
			name = Debug;
		};
		C8A341971D364A07001405D8 /* Release */ = {
			isa = XCBuildConfiguration;
			buildSettings = {
				ASSETCATALOG_COMPILER_APPICON_NAME = AppIcon;
				INFOPLIST_FILE = Trie_Store_m.1/Info.plist;
				LD_RUNPATH_SEARCH_PATHS = "$(inherited) @executable_path/Frameworks";
				PRODUCT_BUNDLE_IDENTIFIER = "com.shuvo.Trie-Store-m-1";
				PRODUCT_NAME = "$(TARGET_NAME)";
			};
			name = Release;
		};
		C8A341991D364A07001405D8 /* Debug */ = {
			isa = XCBuildConfiguration;
			buildSettings = {
				BUNDLE_LOADER = "$(TEST_HOST)";
				INFOPLIST_FILE = Trie_Store_m.1Tests/Info.plist;
				LD_RUNPATH_SEARCH_PATHS = "$(inherited) @executable_path/Frameworks @loader_path/Frameworks";
				PRODUCT_BUNDLE_IDENTIFIER = "com.shuvo.Trie-Store-m-1Tests";
				PRODUCT_NAME = "$(TARGET_NAME)";
				TEST_HOST = "$(BUILT_PRODUCTS_DIR)/Trie_Store_m.1.app/Trie_Store_m.1";
			};
			name = Debug;
		};
		C8A3419A1D364A07001405D8 /* Release */ = {
			isa = XCBuildConfiguration;
			buildSettings = {
				BUNDLE_LOADER = "$(TEST_HOST)";
				INFOPLIST_FILE = Trie_Store_m.1Tests/Info.plist;
				LD_RUNPATH_SEARCH_PATHS = "$(inherited) @executable_path/Frameworks @loader_path/Frameworks";
				PRODUCT_BUNDLE_IDENTIFIER = "com.shuvo.Trie-Store-m-1Tests";
				PRODUCT_NAME = "$(TARGET_NAME)";
				TEST_HOST = "$(BUILT_PRODUCTS_DIR)/Trie_Store_m.1.app/Trie_Store_m.1";
			};
			name = Release;
		};
		C8A3419C1D364A07001405D8 /* Debug */ = {
			isa = XCBuildConfiguration;
			buildSettings = {
				INFOPLIST_FILE = Trie_Store_m.1UITests/Info.plist;
				LD_RUNPATH_SEARCH_PATHS = "$(inherited) @executable_path/Frameworks @loader_path/Frameworks";
				PRODUCT_BUNDLE_IDENTIFIER = "com.shuvo.Trie-Store-m-1UITests";
				PRODUCT_NAME = "$(TARGET_NAME)";
				TEST_TARGET_NAME = Trie_Store_m.1;
			};
			name = Debug;
		};
		C8A3419D1D364A07001405D8 /* Release */ = {
			isa = XCBuildConfiguration;
			buildSettings = {
				INFOPLIST_FILE = Trie_Store_m.1UITests/Info.plist;
				LD_RUNPATH_SEARCH_PATHS = "$(inherited) @executable_path/Frameworks @loader_path/Frameworks";
				PRODUCT_BUNDLE_IDENTIFIER = "com.shuvo.Trie-Store-m-1UITests";
				PRODUCT_NAME = "$(TARGET_NAME)";
				TEST_TARGET_NAME = Trie_Store_m.1;
			};
			name = Release;
		};
/* End XCBuildConfiguration section */

/* Begin XCConfigurationList section */
		C8A341681D364A07001405D8 /* Build configuration list for PBXProject "Trie_Store_m.1" */ = {
			isa = XCConfigurationList;
			buildConfigurations = (
				C8A341931D364A07001405D8 /* Debug */,
				C8A341941D364A07001405D8 /* Release */,
			);
			defaultConfigurationIsVisible = 0;
			defaultConfigurationName = Release;
		};
		C8A341951D364A07001405D8 /* Build configuration list for PBXNativeTarget "Trie_Store_m.1" */ = {
			isa = XCConfigurationList;
			buildConfigurations = (
				C8A341961D364A07001405D8 /* Debug */,
				C8A341971D364A07001405D8 /* Release */,
			);
			defaultConfigurationIsVisible = 0;
		};
		C8A341981D364A07001405D8 /* Build configuration list for PBXNativeTarget "Trie_Store_m.1Tests" */ = {
			isa = XCConfigurationList;
			buildConfigurations = (
				C8A341991D364A07001405D8 /* Debug */,
				C8A3419A1D364A07001405D8 /* Release */,
			);
			defaultConfigurationIsVisible = 0;
		};
		C8A3419B1D364A07001405D8 /* Build configuration list for PBXNativeTarget "Trie_Store_m.1UITests" */ = {
			isa = XCConfigurationList;
			buildConfigurations = (
				C8A3419C1D364A07001405D8 /* Debug */,
				C8A3419D1D364A07001405D8 /* Release */,
			);
			defaultConfigurationIsVisible = 0;
		};
/* End XCConfigurationList section */
	};
	rootObject = C8A341651D364A07001405D8 /* Project object */;
}
